
Microsoft Visual Studio Solution File, Format Version 12.00
# Visual Studio Version 17
VisualStudioVersion = 17.11.35312.102
MinimumVisualStudioVersion = 10.0.40219.1
Project("{9A19103F-16F7-4668-BE54-9A1E7A4F7556}") = "Grupp22_PoddApp", "Grupp22_PoddApp.csproj", "{69C892C6-F520-4E78-BEF3-F565EC33F493}"
EndProject
Project("{FAE04EC0-301F-11D3-BF4B-00C04F79EFBC}") = "BusinessLayer", "..\BusinessLayer\BusinessLayer.csproj", "{FD7B9514-64B6-4BE4-91AE-75C060048C60}"
EndProject
Project("{FAE04EC0-301F-11D3-BF4B-00C04F79EFBC}") = "DataLayer", "..\DataLayer\DataLayer.csproj", "{89D79FCA-6986-44A1-AA4B-E1345BB3E5A3}"
EndProject
Project("{FAE04EC0-301F-11D3-BF4B-00C04F79EFBC}") = "Models", "..\Models\Models.csproj", "{734707EF-BCFD-428A-97D7-78312F2F6520}"
EndProject
Global
	GlobalSection(SolutionConfigurationPlatforms) = preSolution
		Debug|Any CPU = Debug|Any CPU
		Release|Any CPU = Release|Any CPU
	EndGlobalSection
	GlobalSection(ProjectConfigurationPlatforms) = postSolution
		{69C892C6-F520-4E78-BEF3-F565EC33F493}.Debug|Any CPU.ActiveCfg = Debug|Any CPU
		{69C892C6-F520-4E78-BEF3-F565EC33F493}.Debug|Any CPU.Build.0 = Debug|Any CPU
		{69C892C6-F520-4E78-BEF3-F565EC33F493}.Release|Any CPU.ActiveCfg = Release|Any CPU
		{69C892C6-F520-4E78-BEF3-F565EC33F493}.Release|Any CPU.Build.0 = Release|Any CPU
		{FD7B9514-64B6-4BE4-91AE-75C060048C60}.Debug|Any CPU.ActiveCfg = Debug|Any CPU
		{FD7B9514-64B6-4BE4-91AE-75C060048C60}.Debug|Any CPU.Build.0 = Debug|Any CPU
		{FD7B9514-64B6-4BE4-91AE-75C060048C60}.Release|Any CPU.ActiveCfg = Release|Any CPU
		{FD7B9514-64B6-4BE4-91AE-75C060048C60}.Release|Any CPU.Build.0 = Release|Any CPU
		{89D79FCA-6986-44A1-AA4B-E1345BB3E5A3}.Debug|Any CPU.ActiveCfg = Debug|Any CPU
		{89D79FCA-6986-44A1-AA4B-E1345BB3E5A3}.Debug|Any CPU.Build.0 = Debug|Any CPU
		{89D79FCA-6986-44A1-AA4B-E1345BB3E5A3}.Release|Any CPU.ActiveCfg = Release|Any CPU
		{89D79FCA-6986-44A1-AA4B-E1345BB3E5A3}.Release|Any CPU.Build.0 = Release|Any CPU
		{734707EF-BCFD-428A-97D7-78312F2F6520}.Debug|Any CPU.ActiveCfg = Debug|Any CPU
		{734707EF-BCFD-428A-97D7-78312F2F6520}.Debug|Any CPU.Build.0 = Debug|Any CPU
		{734707EF-BCFD-428A-97D7-78312F2F6520}.Release|Any CPU.ActiveCfg = Release|Any CPU
		{734707EF-BCFD-428A-97D7-78312F2F6520}.Release|Any CPU.Build.0 = Release|Any CPU
	EndGlobalSection
	GlobalSection(SolutionProperties) = preSolution
		HideSolutionNode = FALSE
	EndGlobalSection
	GlobalSection(ExtensibilityGlobals) = postSolution
		SolutionGuid = {99F9F58F-D455-4A52-A411-4A6B38F909C9}
	EndGlobalSection
EndGlobal
